
Microsoft Visual Studio Solution File, Format Version 12.00
# Visual Studio Version 16
VisualStudioVersion = 16.0.30621.155
MinimumVisualStudioVersion = 10.0.40219.1
Project("{FAE04EC0-301F-11D3-BF4B-00C04F79EFBC}") = "CryptographyH2_PBKD", "CryptographyH2_PBKD\CryptographyH2_PBKD.csproj", "{1D480071-A1EC-45BE-BB01-F04381CCABFC}"
EndProject
Global
	GlobalSection(SolutionConfigurationPlatforms) = preSolution
		Debug|Any CPU = Debug|Any CPU
		Release|Any CPU = Release|Any CPU
	EndGlobalSection
	GlobalSection(ProjectConfigurationPlatforms) = postSolution
		{1D480071-A1EC-45BE-BB01-F04381CCABFC}.Debug|Any CPU.ActiveCfg = Debug|Any CPU
		{1D480071-A1EC-45BE-BB01-F04381CCABFC}.Debug|Any CPU.Build.0 = Debug|Any CPU
		{1D480071-A1EC-45BE-BB01-F04381CCABFC}.Release|Any CPU.ActiveCfg = Release|Any CPU
		{1D480071-A1EC-45BE-BB01-F04381CCABFC}.Release|Any CPU.Build.0 = Release|Any CPU
	EndGlobalSection
	GlobalSection(SolutionProperties) = preSolution
		HideSolutionNode = FALSE
	EndGlobalSection
	GlobalSection(ExtensibilityGlobals) = postSolution
		SolutionGuid = {E926DA71-1F18-4C7C-B787-5625284117E5}
	EndGlobalSection
EndGlobal
